// !$*UTF8*$!
{
	archiveVersion = 1;
	classes = {
	};
	objectVersion = 48;
	objects = {

/* Begin PBXBuildFile section */
		9B00C3D0202A37BD00F39091 /* main.swift in Sources */ = {isa = PBXBuildFile; fileRef = 9B00C3CF202A37BD00F39091 /* main.swift */; };
		9B00C3D7202A37CF00F39091 /* User.swift in Sources */ = {isa = PBXBuildFile; fileRef = 9B00C3D6202A37CF00F39091 /* User.swift */; };
		9B00C3D9202A37E000F39091 /* Customer.swift in Sources */ = {isa = PBXBuildFile; fileRef = 9B00C3D8202A37E000F39091 /* Customer.swift */; };
		9B00C3DB202A37EE00F39091 /* Shoppingcart.swift in Sources */ = {isa = PBXBuildFile; fileRef = 9B00C3DA202A37EE00F39091 /* Shoppingcart.swift */; };
		9B00C3DD202A37FE00F39091 /* Orders.swift in Sources */ = {isa = PBXBuildFile; fileRef = 9B00C3DC202A37FE00F39091 /* Orders.swift */; };
		9B00C3DF202A381000F39091 /* Shippinginfo.swift in Sources */ = {isa = PBXBuildFile; fileRef = 9B00C3DE202A381000F39091 /* Shippinginfo.swift */; };
		9B00C3E2202A383000F39091 /* Orderdetail.swift in Sources */ = {isa = PBXBuildFile; fileRef = 9B00C3E1202A383000F39091 /* Orderdetail.swift */; };
		9B00C3E4202A384500F39091 /* Administrator.swift in Sources */ = {isa = PBXBuildFile; fileRef = 9B00C3E3202A384500F39091 /* Administrator.swift */; };
/* End PBXBuildFile section */

/* Begin PBXCopyFilesBuildPhase section */
		9B00C3CA202A37BD00F39091 /* CopyFiles */ = {
			isa = PBXCopyFilesBuildPhase;
			buildActionMask = 2147483647;
			dstPath = /usr/share/man/man1/;
			dstSubfolderSpec = 0;
			files = (
			);
			runOnlyForDeploymentPostprocessing = 1;
		};
/* End PBXCopyFilesBuildPhase section */

/* Begin PBXFileReference section */
		9B00C3CC202A37BD00F39091 /* Swift_Project */ = {isa = PBXFileReference; explicitFileType = "compiled.mach-o.executable"; includeInIndex = 0; path = Swift_Project; sourceTree = BUILT_PRODUCTS_DIR; };
		9B00C3CF202A37BD00F39091 /* main.swift */ = {isa = PBXFileReference; lastKnownFileType = sourcecode.swift; path = main.swift; sourceTree = "<group>"; };
		9B00C3D6202A37CF00F39091 /* User.swift */ = {isa = PBXFileReference; lastKnownFileType = sourcecode.swift; path = User.swift; sourceTree = "<group>"; };
		9B00C3D8202A37E000F39091 /* Customer.swift */ = {isa = PBXFileReference; lastKnownFileType = sourcecode.swift; path = Customer.swift; sourceTree = "<group>"; };
		9B00C3DA202A37EE00F39091 /* Shoppingcart.swift */ = {isa = PBXFileReference; lastKnownFileType = sourcecode.swift; path = Shoppingcart.swift; sourceTree = "<group>"; };
		9B00C3DC202A37FE00F39091 /* Orders.swift */ = {isa = PBXFileReference; lastKnownFileType = sourcecode.swift; path = Orders.swift; sourceTree = "<group>"; };
		9B00C3DE202A381000F39091 /* Shippinginfo.swift */ = {isa = PBXFileReference; lastKnownFileType = sourcecode.swift; path = Shippinginfo.swift; sourceTree = "<group>"; };
		9B00C3E1202A383000F39091 /* Orderdetail.swift */ = {isa = PBXFileReference; lastKnownFileType = sourcecode.swift; path = Orderdetail.swift; sourceTree = "<group>"; };
		9B00C3E3202A384500F39091 /* Administrator.swift */ = {isa = PBXFileReference; lastKnownFileType = sourcecode.swift; path = Administrator.swift; sourceTree = "<group>"; };
/* End PBXFileReference section */

/* Begin PBXFrameworksBuildPhase section */
		9B00C3C9202A37BD00F39091 /* Frameworks */ = {
			isa = PBXFrameworksBuildPhase;
			buildActionMask = 2147483647;
			files = (
			);
			runOnlyForDeploymentPostprocessing = 0;
		};
/* End PBXFrameworksBuildPhase section */

/* Begin PBXGroup section */
		9B00C3C3202A37BD00F39091 = {
			isa = PBXGroup;
			children = (
				9B00C3CE202A37BD00F39091 /* Swift_Project */,
				9B00C3CD202A37BD00F39091 /* Products */,
			);
			sourceTree = "<group>";
		};
		9B00C3CD202A37BD00F39091 /* Products */ = {
			isa = PBXGroup;
			children = (
				9B00C3CC202A37BD00F39091 /* Swift_Project */,
			);
			name = Products;
			sourceTree = "<group>";
		};
		9B00C3CE202A37BD00F39091 /* Swift_Project */ = {
			isa = PBXGroup;
			children = (
				9B00C3CF202A37BD00F39091 /* main.swift */,
				9B00C3D6202A37CF00F39091 /* User.swift */,
				9B00C3D8202A37E000F39091 /* Customer.swift */,
				9B00C3DA202A37EE00F39091 /* Shoppingcart.swift */,
				9B00C3DC202A37FE00F39091 /* Orders.swift */,
				9B00C3DE202A381000F39091 /* Shippinginfo.swift */,
				9B00C3E1202A383000F39091 /* Orderdetail.swift */,
				9B00C3E3202A384500F39091 /* Administrator.swift */,
			);
			path = Swift_Project;
			sourceTree = "<group>";
		};
/* End PBXGroup section */

/* Begin PBXNativeTarget section */
		9B00C3CB202A37BD00F39091 /* Swift_Project */ = {
			isa = PBXNativeTarget;
			buildConfigurationList = 9B00C3D3202A37BE00F39091 /* Build configuration list for PBXNativeTarget "Swift_Project" */;
			buildPhases = (
				9B00C3C8202A37BD00F39091 /* Sources */,
				9B00C3C9202A37BD00F39091 /* Frameworks */,
				9B00C3CA202A37BD00F39091 /* CopyFiles */,
			);
			buildRules = (
			);
			dependencies = (
			);
			name = Swift_Project;
			productName = Swift_Project;
			productReference = 9B00C3CC202A37BD00F39091 /* Swift_Project */;
			productType = "com.apple.product-type.tool";
		};
/* End PBXNativeTarget section */

/* Begin PBXProject section */
		9B00C3C4202A37BD00F39091 /* Project object */ = {
			isa = PBXProject;
			attributes = {
				LastSwiftUpdateCheck = 0920;
				LastUpgradeCheck = 0920;
				ORGANIZATIONNAME = MacStudent;
				TargetAttributes = {
					9B00C3CB202A37BD00F39091 = {
						CreatedOnToolsVersion = 9.2;
						ProvisioningStyle = Automatic;
					};
				};
			};
			buildConfigurationList = 9B00C3C7202A37BD00F39091 /* Build configuration list for PBXProject "Swift_Project" */;
			compatibilityVersion = "Xcode 8.0";
			developmentRegion = en;
			hasScannedForEncodings = 0;
			knownRegions = (
				en,
			);
			mainGroup = 9B00C3C3202A37BD00F39091;
			productRefGroup = 9B00C3CD202A37BD00F39091 /* Products */;
			projectDirPath = "";
			projectRoot = "";
			targets = (
				9B00C3CB202A37BD00F39091 /* Swift_Project */,
			);
		};
/* End PBXProject section */

/* Begin PBXSourcesBuildPhase section */
		9B00C3C8202A37BD00F39091 /* Sources */ = {
			isa = PBXSourcesBuildPhase;
			buildActionMask = 2147483647;
			files = (
				9B00C3D9202A37E000F39091 /* Customer.swift in Sources */,
				9B00C3DF202A381000F39091 /* Shippinginfo.swift in Sources */,
				9B00C3D7202A37CF00F39091 /* User.swift in Sources */,
				9B00C3D0202A37BD00F39091 /* main.swift in Sources */,
				9B00C3DB202A37EE00F39091 /* Shoppingcart.swift in Sources */,
				9B00C3E2202A383000F39091 /* Orderdetail.swift in Sources */,
				9B00C3DD202A37FE00F39091 /* Orders.swift in Sources */,
				9B00C3E4202A384500F39091 /* Administrator.swift in Sources */,
			);
			runOnlyForDeploymentPostprocessing = 0;
		};
/* End PBXSourcesBuildPhase section */

/* Begin XCBuildConfiguration section */
		9B00C3D1202A37BE00F39091 /* Debug */ = {
			isa = XCBuildConfiguration;
			buildSettings = {
				ALWAYS_SEARCH_USER_PATHS = NO;
				CLANG_ANALYZER_NONNULL = YES;
				CLANG_ANALYZER_NUMBER_OBJECT_CONVERSION = YES_AGGRESSIVE;
				CLANG_CXX_LANGUAGE_STANDARD = "gnu++14";
				CLANG_CXX_LIBRARY = "libc++";
				CLANG_ENABLE_MODULES = YES;
				CLANG_ENABLE_OBJC_ARC = YES;
				CLANG_WARN_BLOCK_CAPTURE_AUTORELEASING = YES;
				CLANG_WARN_BOOL_CONVERSION = YES;
				CLANG_WARN_COMMA = YES;
				CLANG_WARN_CONSTANT_CONVERSION = YES;
				CLANG_WARN_DIRECT_OBJC_ISA_USAGE = YES_ERROR;
				CLANG_WARN_DOCUMENTATION_COMMENTS = YES;
				CLANG_WARN_EMPTY_BODY = YES;
				CLANG_WARN_ENUM_CONVERSION = YES;
				CLANG_WARN_INFINITE_RECURSION = YES;
				CLANG_WARN_INT_CONVERSION = YES;
				CLANG_WARN_NON_LITERAL_NULL_CONVERSION = YES;
				CLANG_WARN_OBJC_LITERAL_CONVERSION = YES;
				CLANG_WARN_OBJC_ROOT_CLASS = YES_ERROR;
				CLANG_WARN_RANGE_LOOP_ANALYSIS = YES;
				CLANG_WARN_STRICT_PROTOTYPES = YES;
				CLANG_WARN_SUSPICIOUS_MOVE = YES;
				CLANG_WARN_UNGUARDED_AVAILABILITY = YES_AGGRESSIVE;
				CLANG_WARN_UNREACHABLE_CODE = YES;
				CLANG_WARN__DUPLICATE_METHOD_MATCH = YES;
				CODE_SIGN_IDENTITY = "-";
				COPY_PHASE_STRIP = NO;
				DEBUG_INFORMATION_FORMAT = dwarf;
				ENABLE_STRICT_OBJC_MSGSEND = YES;
				ENABLE_TESTABILITY = YES;
				GCC_C_LANGUAGE_STANDARD = gnu11;
				GCC_DYNAMIC_NO_PIC = NO;
				GCC_NO_COMMON_BLOCKS = YES;
				GCC_OPTIMIZATION_LEVEL = 0;
				GCC_PREPROCESSOR_DEFINITIONS = (
					"DEBUG=1",
					"$(inherited)",
				);
				GCC_WARN_64_TO_32_BIT_CONVERSION = YES;
				GCC_WARN_ABOUT_RETURN_TYPE = YES_ERROR;
				GCC_WARN_UNDECLARED_SELECTOR = YES;
				GCC_WARN_UNINITIALIZED_AUTOS = YES_AGGRESSIVE;
				GCC_WARN_UNUSED_FUNCTION = YES;
				GCC_WARN_UNUSED_VARIABLE = YES;
				MACOSX_DEPLOYMENT_TARGET = 10.13;
				MTL_ENABLE_DEBUG_INFO = YES;
				ONLY_ACTIVE_ARCH = YES;
				SDKROOT = macosx;
				SWIFT_ACTIVE_COMPILATION_CONDITIONS = DEBUG;
				SWIFT_OPTIMIZATION_LEVEL = "-Onone";
			};
			name = Debug;
		};
		9B00C3D2202A37BE00F39091 /* Release */ = {
			isa = XCBuildConfiguration;
			buildSettings = {
				ALWAYS_SEARCH_USER_PATHS = NO;
				CLANG_ANALYZER_NONNULL = YES;
				CLANG_ANALYZER_NUMBER_OBJECT_CONVERSION = YES_AGGRESSIVE;
				CLANG_CXX_LANGUAGE_STANDARD = "gnu++14";
				CLANG_CXX_LIBRARY = "libc++";
				CLANG_ENABLE_MODULES = YES;
				CLANG_ENABLE_OBJC_ARC = YES;
				CLANG_WARN_BLOCK_CAPTURE_AUTORELEASING = YES;
				CLANG_WARN_BOOL_CONVERSION = YES;
				CLANG_WARN_COMMA = YES;
				CLANG_WARN_CONSTANT_CONVERSION = YES;
				CLANG_WARN_DIRECT_OBJC_ISA_USAGE = YES_ERROR;
				CLANG_WARN_DOCUMENTATION_COMMENTS = YES;
				CLANG_WARN_EMPTY_BODY = YES;
				CLANG_WARN_ENUM_CONVERSION = YES;
				CLANG_WARN_INFINITE_RECURSION = YES;
				CLANG_WARN_INT_CONVERSION = YES;
				CLANG_WARN_NON_LITERAL_NULL_CONVERSION = YES;
				CLANG_WARN_OBJC_LITERAL_CONVERSION = YES;
				CLANG_WARN_OBJC_ROOT_CLASS = YES_ERROR;
				CLANG_WARN_RANGE_LOOP_ANALYSIS = YES;
				CLANG_WARN_STRICT_PROTOTYPES = YES;
				CLANG_WARN_SUSPICIOUS_MOVE = YES;
				CLANG_WARN_UNGUARDED_AVAILABILITY = YES_AGGRESSIVE;
				CLANG_WARN_UNREACHABLE_CODE = YES;
				CLANG_WARN__DUPLICATE_METHOD_MATCH = YES;
				CODE_SIGN_IDENTITY = "-";
				COPY_PHASE_STRIP = NO;
				DEBUG_INFORMATION_FORMAT = "dwarf-with-dsym";
				ENABLE_NS_ASSERTIONS = NO;
				ENABLE_STRICT_OBJC_MSGSEND = YES;
				GCC_C_LANGUAGE_STANDARD = gnu11;
				GCC_NO_COMMON_BLOCKS = YES;
				GCC_WARN_64_TO_32_BIT_CONVERSION = YES;
				GCC_WARN_ABOUT_RETURN_TYPE = YES_ERROR;
				GCC_WARN_UNDECLARED_SELECTOR = YES;
				GCC_WARN_UNINITIALIZED_AUTOS = YES_AGGRESSIVE;
				GCC_WARN_UNUSED_FUNCTION = YES;
				GCC_WARN_UNUSED_VARIABLE = YES;
				MACOSX_DEPLOYMENT_TARGET = 10.13;
				MTL_ENABLE_DEBUG_INFO = NO;
				SDKROOT = macosx;
				SWIFT_OPTIMIZATION_LEVEL = "-Owholemodule";
			};
			name = Release;
		};
		9B00C3D4202A37BE00F39091 /* Debug */ = {
			isa = XCBuildConfiguration;
			buildSettings = {
				CODE_SIGN_STYLE = Automatic;
				PRODUCT_NAME = "$(TARGET_NAME)";
				SWIFT_VERSION = 4.0;
			};
			name = Debug;
		};
		9B00C3D5202A37BE00F39091 /* Release */ = {
			isa = XCBuildConfiguration;
			buildSettings = {
				CODE_SIGN_STYLE = Automatic;
				PRODUCT_NAME = "$(TARGET_NAME)";
				SWIFT_VERSION = 4.0;
			};
			name = Release;
		};
/* End XCBuildConfiguration section */

/* Begin XCConfigurationList section */
		9B00C3C7202A37BD00F39091 /* Build configuration list for PBXProject "Swift_Project" */ = {
			isa = XCConfigurationList;
			buildConfigurations = (
				9B00C3D1202A37BE00F39091 /* Debug */,
				9B00C3D2202A37BE00F39091 /* Release */,
			);
			defaultConfigurationIsVisible = 0;
			defaultConfigurationName = Release;
		};
		9B00C3D3202A37BE00F39091 /* Build configuration list for PBXNativeTarget "Swift_Project" */ = {
			isa = XCConfigurationList;
			buildConfigurations = (
				9B00C3D4202A37BE00F39091 /* Debug */,
				9B00C3D5202A37BE00F39091 /* Release */,
			);
			defaultConfigurationIsVisible = 0;
			defaultConfigurationName = Release;
		};
/* End XCConfigurationList section */
	};
	rootObject = 9B00C3C4202A37BD00F39091 /* Project object */;
}
